
Microsoft Visual Studio Solution File, Format Version 12.00
Project("{FAE04EC0-301F-11D3-BF4B-00C04F79EFBC}") = "Domain", "Domain\Domain.csproj", "{FBD7792A-9C0B-4799-BD54-DF19F23A7D62}"
EndProject
Project("{FAE04EC0-301F-11D3-BF4B-00C04F79EFBC}") = "WebApi", "WebApi\WebApi.csproj", "{C2AD00F8-1D6B-40D0-A914-CD560A48EECA}"
EndProject
Project("{FAE04EC0-301F-11D3-BF4B-00C04F79EFBC}") = "Application", "Application\Application.csproj", "{1BC13800-BE7F-4DBE-9F39-7B27EB0A640F}"
EndProject
Project("{FAE04EC0-301F-11D3-BF4B-00C04F79EFBC}") = "FileData", "FileData\FileData.csproj", "{407D6E28-89EC-4290-A17A-60F3151EBFBE}"
EndProject
Global
	GlobalSection(SolutionConfigurationPlatforms) = preSolution
		Debug|Any CPU = Debug|Any CPU
		Release|Any CPU = Release|Any CPU
	EndGlobalSection
	GlobalSection(ProjectConfigurationPlatforms) = postSolution
		{FBD7792A-9C0B-4799-BD54-DF19F23A7D62}.Debug|Any CPU.ActiveCfg = Debug|Any CPU
		{FBD7792A-9C0B-4799-BD54-DF19F23A7D62}.Debug|Any CPU.Build.0 = Debug|Any CPU
		{FBD7792A-9C0B-4799-BD54-DF19F23A7D62}.Release|Any CPU.ActiveCfg = Release|Any CPU
		{FBD7792A-9C0B-4799-BD54-DF19F23A7D62}.Release|Any CPU.Build.0 = Release|Any CPU
		{C2AD00F8-1D6B-40D0-A914-CD560A48EECA}.Debug|Any CPU.ActiveCfg = Debug|Any CPU
		{C2AD00F8-1D6B-40D0-A914-CD560A48EECA}.Debug|Any CPU.Build.0 = Debug|Any CPU
		{C2AD00F8-1D6B-40D0-A914-CD560A48EECA}.Release|Any CPU.ActiveCfg = Release|Any CPU
		{C2AD00F8-1D6B-40D0-A914-CD560A48EECA}.Release|Any CPU.Build.0 = Release|Any CPU
		{1BC13800-BE7F-4DBE-9F39-7B27EB0A640F}.Debug|Any CPU.ActiveCfg = Debug|Any CPU
		{1BC13800-BE7F-4DBE-9F39-7B27EB0A640F}.Debug|Any CPU.Build.0 = Debug|Any CPU
		{1BC13800-BE7F-4DBE-9F39-7B27EB0A640F}.Release|Any CPU.ActiveCfg = Release|Any CPU
		{1BC13800-BE7F-4DBE-9F39-7B27EB0A640F}.Release|Any CPU.Build.0 = Release|Any CPU
		{407D6E28-89EC-4290-A17A-60F3151EBFBE}.Debug|Any CPU.ActiveCfg = Debug|Any CPU
		{407D6E28-89EC-4290-A17A-60F3151EBFBE}.Debug|Any CPU.Build.0 = Debug|Any CPU
		{407D6E28-89EC-4290-A17A-60F3151EBFBE}.Release|Any CPU.ActiveCfg = Release|Any CPU
		{407D6E28-89EC-4290-A17A-60F3151EBFBE}.Release|Any CPU.Build.0 = Release|Any CPU
	EndGlobalSection
EndGlobal
